// !$*UTF8*$!
{
	archiveVersion = 1;
	classes = {
	};
	objectVersion = 46;
	objects = {

/* Begin PBXBuildFile section */
		83379129136F90DF4558A0FE /* Pods_Budget_Up.framework in Frameworks */ = {isa = PBXBuildFile; fileRef = EACD94F7B4CD5420AFADB7C8 /* Pods_Budget_Up.framework */; };
		8A46ED7A1F2D3A4D00C1A74E /* AppDelegate.swift in Sources */ = {isa = PBXBuildFile; fileRef = 8A46ED791F2D3A4D00C1A74E /* AppDelegate.swift */; };
		8A46ED7C1F2D3A4D00C1A74E /* ViewController.swift in Sources */ = {isa = PBXBuildFile; fileRef = 8A46ED7B1F2D3A4D00C1A74E /* ViewController.swift */; };
		8A46ED7F1F2D3A4D00C1A74E /* Main.storyboard in Resources */ = {isa = PBXBuildFile; fileRef = 8A46ED7D1F2D3A4D00C1A74E /* Main.storyboard */; };
		8A46ED811F2D3A4D00C1A74E /* Assets.xcassets in Resources */ = {isa = PBXBuildFile; fileRef = 8A46ED801F2D3A4D00C1A74E /* Assets.xcassets */; };
		8A46ED841F2D3A4D00C1A74E /* LaunchScreen.storyboard in Resources */ = {isa = PBXBuildFile; fileRef = 8A46ED821F2D3A4D00C1A74E /* LaunchScreen.storyboard */; };
		8A46ED8E1F2D59D700C1A74E /* FoldingCellTableViewController.swift in Sources */ = {isa = PBXBuildFile; fileRef = 8A46ED8D1F2D59D700C1A74E /* FoldingCellTableViewController.swift */; };
/* End PBXBuildFile section */

/* Begin PBXFileReference section */
		59BE0A012C915C73A3A12438 /* Pods-Budget Up.release.xcconfig */ = {isa = PBXFileReference; includeInIndex = 1; lastKnownFileType = text.xcconfig; name = "Pods-Budget Up.release.xcconfig"; path = "Pods/Target Support Files/Pods-Budget Up/Pods-Budget Up.release.xcconfig"; sourceTree = "<group>"; };
		8A46ED761F2D3A4D00C1A74E /* Budget Up.app */ = {isa = PBXFileReference; explicitFileType = wrapper.application; includeInIndex = 0; path = "Budget Up.app"; sourceTree = BUILT_PRODUCTS_DIR; };
		8A46ED791F2D3A4D00C1A74E /* AppDelegate.swift */ = {isa = PBXFileReference; lastKnownFileType = sourcecode.swift; path = AppDelegate.swift; sourceTree = "<group>"; };
		8A46ED7B1F2D3A4D00C1A74E /* ViewController.swift */ = {isa = PBXFileReference; lastKnownFileType = sourcecode.swift; path = ViewController.swift; sourceTree = "<group>"; };
		8A46ED7E1F2D3A4D00C1A74E /* Base */ = {isa = PBXFileReference; lastKnownFileType = file.storyboard; name = Base; path = Base.lproj/Main.storyboard; sourceTree = "<group>"; };
		8A46ED801F2D3A4D00C1A74E /* Assets.xcassets */ = {isa = PBXFileReference; lastKnownFileType = folder.assetcatalog; path = Assets.xcassets; sourceTree = "<group>"; };
		8A46ED831F2D3A4D00C1A74E /* Base */ = {isa = PBXFileReference; lastKnownFileType = file.storyboard; name = Base; path = Base.lproj/LaunchScreen.storyboard; sourceTree = "<group>"; };
		8A46ED851F2D3A4D00C1A74E /* Info.plist */ = {isa = PBXFileReference; lastKnownFileType = text.plist.xml; path = Info.plist; sourceTree = "<group>"; };
		8A46ED8D1F2D59D700C1A74E /* FoldingCellTableViewController.swift */ = {isa = PBXFileReference; fileEncoding = 4; lastKnownFileType = sourcecode.swift; path = FoldingCellTableViewController.swift; sourceTree = "<group>"; };
		E07AEC857FB080A0B3D75E9C /* Pods-Budget Up.debug.xcconfig */ = {isa = PBXFileReference; includeInIndex = 1; lastKnownFileType = text.xcconfig; name = "Pods-Budget Up.debug.xcconfig"; path = "Pods/Target Support Files/Pods-Budget Up/Pods-Budget Up.debug.xcconfig"; sourceTree = "<group>"; };
		EACD94F7B4CD5420AFADB7C8 /* Pods_Budget_Up.framework */ = {isa = PBXFileReference; explicitFileType = wrapper.framework; includeInIndex = 0; path = Pods_Budget_Up.framework; sourceTree = BUILT_PRODUCTS_DIR; };
/* End PBXFileReference section */

/* Begin PBXFrameworksBuildPhase section */
		8A46ED731F2D3A4D00C1A74E /* Frameworks */ = {
			isa = PBXFrameworksBuildPhase;
			buildActionMask = 2147483647;
			files = (
				83379129136F90DF4558A0FE /* Pods_Budget_Up.framework in Frameworks */,
			);
			runOnlyForDeploymentPostprocessing = 0;
		};
/* End PBXFrameworksBuildPhase section */

/* Begin PBXGroup section */
		3F8DF947BCF337A472E3BEBD /* Pods */ = {
			isa = PBXGroup;
			children = (
				E07AEC857FB080A0B3D75E9C /* Pods-Budget Up.debug.xcconfig */,
				59BE0A012C915C73A3A12438 /* Pods-Budget Up.release.xcconfig */,
			);
			name = Pods;
			sourceTree = "<group>";
		};
		8A46ED6D1F2D3A4D00C1A74E = {
			isa = PBXGroup;
			children = (
				8A46ED781F2D3A4D00C1A74E /* Budget Up */,
				8A46ED771F2D3A4D00C1A74E /* Products */,
				3F8DF947BCF337A472E3BEBD /* Pods */,
				EA36CE504FF438BDA3A03DE6 /* Frameworks */,
			);
			sourceTree = "<group>";
		};
		8A46ED771F2D3A4D00C1A74E /* Products */ = {
			isa = PBXGroup;
			children = (
				8A46ED761F2D3A4D00C1A74E /* Budget Up.app */,
			);
			name = Products;
			sourceTree = "<group>";
		};
		8A46ED781F2D3A4D00C1A74E /* Budget Up */ = {
			isa = PBXGroup;
			children = (
				8A46ED791F2D3A4D00C1A74E /* AppDelegate.swift */,
				8A46ED7B1F2D3A4D00C1A74E /* ViewController.swift */,
				8A46ED8D1F2D59D700C1A74E /* FoldingCellTableViewController.swift */,
				8A46ED7D1F2D3A4D00C1A74E /* Main.storyboard */,
				8A46ED801F2D3A4D00C1A74E /* Assets.xcassets */,
				8A46ED821F2D3A4D00C1A74E /* LaunchScreen.storyboard */,
				8A46ED851F2D3A4D00C1A74E /* Info.plist */,
			);
			path = "Budget Up";
			sourceTree = "<group>";
		};
		EA36CE504FF438BDA3A03DE6 /* Frameworks */ = {
			isa = PBXGroup;
			children = (
				EACD94F7B4CD5420AFADB7C8 /* Pods_Budget_Up.framework */,
			);
			name = Frameworks;
			sourceTree = "<group>";
		};
/* End PBXGroup section */

/* Begin PBXNativeTarget section */
		8A46ED751F2D3A4D00C1A74E /* Budget Up */ = {
			isa = PBXNativeTarget;
			buildConfigurationList = 8A46ED881F2D3A4D00C1A74E /* Build configuration list for PBXNativeTarget "Budget Up" */;
			buildPhases = (
				BF0F93E397F0D6D61835B89E /* [CP] Check Pods Manifest.lock */,
				8A46ED721F2D3A4D00C1A74E /* Sources */,
				8A46ED731F2D3A4D00C1A74E /* Frameworks */,
				8A46ED741F2D3A4D00C1A74E /* Resources */,
				656A2F9AB4D5C958D8AAF8C4 /* [CP] Embed Pods Frameworks */,
				C249EE6CD98BD9C01F489014 /* [CP] Copy Pods Resources */,
			);
			buildRules = (
			);
			dependencies = (
			);
			name = "Budget Up";
			productName = "Budget Up";
			productReference = 8A46ED761F2D3A4D00C1A74E /* Budget Up.app */;
			productType = "com.apple.product-type.application";
		};
/* End PBXNativeTarget section */

/* Begin PBXProject section */
		8A46ED6E1F2D3A4D00C1A74E /* Project object */ = {
			isa = PBXProject;
			attributes = {
				LastSwiftUpdateCheck = 0830;
				LastUpgradeCheck = 0830;
				ORGANIZATIONNAME = "Lena Ngungu";
				TargetAttributes = {
					8A46ED751F2D3A4D00C1A74E = {
						CreatedOnToolsVersion = 8.3.3;
						ProvisioningStyle = Automatic;
					};
				};
			};
			buildConfigurationList = 8A46ED711F2D3A4D00C1A74E /* Build configuration list for PBXProject "Budget Up" */;
			compatibilityVersion = "Xcode 3.2";
			developmentRegion = English;
			hasScannedForEncodings = 0;
			knownRegions = (
				en,
				Base,
			);
			mainGroup = 8A46ED6D1F2D3A4D00C1A74E;
			productRefGroup = 8A46ED771F2D3A4D00C1A74E /* Products */;
			projectDirPath = "";
			projectRoot = "";
			targets = (
				8A46ED751F2D3A4D00C1A74E /* Budget Up */,
			);
		};
/* End PBXProject section */

/* Begin PBXResourcesBuildPhase section */
		8A46ED741F2D3A4D00C1A74E /* Resources */ = {
			isa = PBXResourcesBuildPhase;
			buildActionMask = 2147483647;
			files = (
				8A46ED841F2D3A4D00C1A74E /* LaunchScreen.storyboard in Resources */,
				8A46ED811F2D3A4D00C1A74E /* Assets.xcassets in Resources */,
				8A46ED7F1F2D3A4D00C1A74E /* Main.storyboard in Resources */,
			);
			runOnlyForDeploymentPostprocessing = 0;
		};
/* End PBXResourcesBuildPhase section */

/* Begin PBXShellScriptBuildPhase section */
		656A2F9AB4D5C958D8AAF8C4 /* [CP] Embed Pods Frameworks */ = {
			isa = PBXShellScriptBuildPhase;
			buildActionMask = 2147483647;
			files = (
			);
			inputPaths = (
			);
			name = "[CP] Embed Pods Frameworks";
			outputPaths = (
			);
			runOnlyForDeploymentPostprocessing = 0;
			shellPath = /bin/sh;
			shellScript = "\"${SRCROOT}/Pods/Target Support Files/Pods-Budget Up/Pods-Budget Up-frameworks.sh\"\n";
			showEnvVarsInLog = 0;
		};
		BF0F93E397F0D6D61835B89E /* [CP] Check Pods Manifest.lock */ = {
			isa = PBXShellScriptBuildPhase;
			buildActionMask = 2147483647;
			files = (
			);
			inputPaths = (
			);
			name = "[CP] Check Pods Manifest.lock";
			outputPaths = (
			);
			runOnlyForDeploymentPostprocessing = 0;
			shellPath = /bin/sh;
			shellScript = "diff \"${PODS_PODFILE_DIR_PATH}/Podfile.lock\" \"${PODS_ROOT}/Manifest.lock\" > /dev/null\nif [ $? != 0 ] ; then\n    # print error to STDERR\n    echo \"error: The sandbox is not in sync with the Podfile.lock. Run 'pod install' or update your CocoaPods installation.\" >&2\n    exit 1\nfi\n";
			showEnvVarsInLog = 0;
		};
		C249EE6CD98BD9C01F489014 /* [CP] Copy Pods Resources */ = {
			isa = PBXShellScriptBuildPhase;
			buildActionMask = 2147483647;
			files = (
			);
			inputPaths = (
			);
			name = "[CP] Copy Pods Resources";
			outputPaths = (
			);
			runOnlyForDeploymentPostprocessing = 0;
			shellPath = /bin/sh;
			shellScript = "\"${SRCROOT}/Pods/Target Support Files/Pods-Budget Up/Pods-Budget Up-resources.sh\"\n";
			showEnvVarsInLog = 0;
		};
/* End PBXShellScriptBuildPhase section */

/* Begin PBXSourcesBuildPhase section */
		8A46ED721F2D3A4D00C1A74E /* Sources */ = {
			isa = PBXSourcesBuildPhase;
			buildActionMask = 2147483647;
			files = (
				8A46ED7C1F2D3A4D00C1A74E /* ViewController.swift in Sources */,
				8A46ED7A1F2D3A4D00C1A74E /* AppDelegate.swift in Sources */,
				8A46ED8E1F2D59D700C1A74E /* FoldingCellTableViewController.swift in Sources */,
			);
			runOnlyForDeploymentPostprocessing = 0;
		};
/* End PBXSourcesBuildPhase section */

/* Begin PBXVariantGroup section */
		8A46ED7D1F2D3A4D00C1A74E /* Main.storyboard */ = {
			isa = PBXVariantGroup;
			children = (
				8A46ED7E1F2D3A4D00C1A74E /* Base */,
			);
			name = Main.storyboard;
			sourceTree = "<group>";
		};
		8A46ED821F2D3A4D00C1A74E /* LaunchScreen.storyboard */ = {
			isa = PBXVariantGroup;
			children = (
				8A46ED831F2D3A4D00C1A74E /* Base */,
			);
			name = LaunchScreen.storyboard;
			sourceTree = "<group>";
		};
/* End PBXVariantGroup section */

/* Begin XCBuildConfiguration section */
		8A46ED861F2D3A4D00C1A74E /* Debug */ = {
			isa = XCBuildConfiguration;
			buildSettings = {
				ALWAYS_SEARCH_USER_PATHS = NO;
				CLANG_ANALYZER_NONNULL = YES;
				CLANG_ANALYZER_NUMBER_OBJECT_CONVERSION = YES_AGGRESSIVE;
				CLANG_CXX_LANGUAGE_STANDARD = "gnu++0x";
				CLANG_CXX_LIBRARY = "libc++";
				CLANG_ENABLE_MODULES = YES;
				CLANG_ENABLE_OBJC_ARC = YES;
				CLANG_WARN_BOOL_CONVERSION = YES;
				CLANG_WARN_CONSTANT_CONVERSION = YES;
				CLANG_WARN_DIRECT_OBJC_ISA_USAGE = YES_ERROR;
				CLANG_WARN_DOCUMENTATION_COMMENTS = YES;
				CLANG_WARN_EMPTY_BODY = YES;
				CLANG_WARN_ENUM_CONVERSION = YES;
				CLANG_WARN_INFINITE_RECURSION = YES;
				CLANG_WARN_INT_CONVERSION = YES;
				CLANG_WARN_OBJC_ROOT_CLASS = YES_ERROR;
				CLANG_WARN_SUSPICIOUS_MOVE = YES;
				CLANG_WARN_UNREACHABLE_CODE = YES;
				CLANG_WARN__DUPLICATE_METHOD_MATCH = YES;
				"CODE_SIGN_IDENTITY[sdk=iphoneos*]" = "iPhone Developer";
				COPY_PHASE_STRIP = NO;
				DEBUG_INFORMATION_FORMAT = dwarf;
				ENABLE_STRICT_OBJC_MSGSEND = YES;
				ENABLE_TESTABILITY = YES;
				GCC_C_LANGUAGE_STANDARD = gnu99;
				GCC_DYNAMIC_NO_PIC = NO;
				GCC_NO_COMMON_BLOCKS = YES;
				GCC_OPTIMIZATION_LEVEL = 0;
				GCC_PREPROCESSOR_DEFINITIONS = (
					"DEBUG=1",
					"$(inherited)",
				);
				GCC_WARN_64_TO_32_BIT_CONVERSION = YES;
				GCC_WARN_ABOUT_RETURN_TYPE = YES_ERROR;
				GCC_WARN_UNDECLARED_SELECTOR = YES;
				GCC_WARN_UNINITIALIZED_AUTOS = YES_AGGRESSIVE;
				GCC_WARN_UNUSED_FUNCTION = YES;
				GCC_WARN_UNUSED_VARIABLE = YES;
				IPHONEOS_DEPLOYMENT_TARGET = 10.3;
				MTL_ENABLE_DEBUG_INFO = YES;
				ONLY_ACTIVE_ARCH = YES;
				SDKROOT = iphoneos;
				SWIFT_ACTIVE_COMPILATION_CONDITIONS = DEBUG;
				SWIFT_OPTIMIZATION_LEVEL = "-Onone";
			};
			name = Debug;
		};
		8A46ED871F2D3A4D00C1A74E /* Release */ = {
			isa = XCBuildConfiguration;
			buildSettings = {
				ALWAYS_SEARCH_USER_PATHS = NO;
				CLANG_ANALYZER_NONNULL = YES;
				CLANG_ANALYZER_NUMBER_OBJECT_CONVERSION = YES_AGGRESSIVE;
				CLANG_CXX_LANGUAGE_STANDARD = "gnu++0x";
				CLANG_CXX_LIBRARY = "libc++";
				CLANG_ENABLE_MODULES = YES;
				CLANG_ENABLE_OBJC_ARC = YES;
				CLANG_WARN_BOOL_CONVERSION = YES;
				CLANG_WARN_CONSTANT_CONVERSION = YES;
				CLANG_WARN_DIRECT_OBJC_ISA_USAGE = YES_ERROR;
				CLANG_WARN_DOCUMENTATION_COMMENTS = YES;
				CLANG_WARN_EMPTY_BODY = YES;
				CLANG_WARN_ENUM_CONVERSION = YES;
				CLANG_WARN_INFINITE_RECURSION = YES;
				CLANG_WARN_INT_CONVERSION = YES;
				CLANG_WARN_OBJC_ROOT_CLASS = YES_ERROR;
				CLANG_WARN_SUSPICIOUS_MOVE = YES;
				CLANG_WARN_UNREACHABLE_CODE = YES;
				CLANG_WARN__DUPLICATE_METHOD_MATCH = YES;
				"CODE_SIGN_IDENTITY[sdk=iphoneos*]" = "iPhone Developer";
				COPY_PHASE_STRIP = NO;
				DEBUG_INFORMATION_FORMAT = "dwarf-with-dsym";
				ENABLE_NS_ASSERTIONS = NO;
				ENABLE_STRICT_OBJC_MSGSEND = YES;
				GCC_C_LANGUAGE_STANDARD = gnu99;
				GCC_NO_COMMON_BLOCKS = YES;
				GCC_WARN_64_TO_32_BIT_CONVERSION = YES;
				GCC_WARN_ABOUT_RETURN_TYPE = YES_ERROR;
				GCC_WARN_UNDECLARED_SELECTOR = YES;
				GCC_WARN_UNINITIALIZED_AUTOS = YES_AGGRESSIVE;
				GCC_WARN_UNUSED_FUNCTION = YES;
				GCC_WARN_UNUSED_VARIABLE = YES;
				IPHONEOS_DEPLOYMENT_TARGET = 10.3;
				MTL_ENABLE_DEBUG_INFO = NO;
				SDKROOT = iphoneos;
				SWIFT_OPTIMIZATION_LEVEL = "-Owholemodule";
				VALIDATE_PRODUCT = YES;
			};
			name = Release;
		};
		8A46ED891F2D3A4D00C1A74E /* Debug */ = {
			isa = XCBuildConfiguration;
			baseConfigurationReference = E07AEC857FB080A0B3D75E9C /* Pods-Budget Up.debug.xcconfig */;
			buildSettings = {
				ASSETCATALOG_COMPILER_APPICON_NAME = AppIcon;
				INFOPLIST_FILE = "Budget Up/Info.plist";
				LD_RUNPATH_SEARCH_PATHS = "$(inherited) @executable_path/Frameworks";
				PRODUCT_BUNDLE_IDENTIFIER = "com.lenangungu.Budget-Up";
				PRODUCT_NAME = "$(TARGET_NAME)";
				SWIFT_VERSION = 3.0;
			};
			name = Debug;
		};
		8A46ED8A1F2D3A4D00C1A74E /* Release */ = {
			isa = XCBuildConfiguration;
			baseConfigurationReference = 59BE0A012C915C73A3A12438 /* Pods-Budget Up.release.xcconfig */;
			buildSettings = {
				ASSETCATALOG_COMPILER_APPICON_NAME = AppIcon;
				INFOPLIST_FILE = "Budget Up/Info.plist";
				LD_RUNPATH_SEARCH_PATHS = "$(inherited) @executable_path/Frameworks";
				PRODUCT_BUNDLE_IDENTIFIER = "com.lenangungu.Budget-Up";
				PRODUCT_NAME = "$(TARGET_NAME)";
				SWIFT_VERSION = 3.0;
			};
			name = Release;
		};
/* End XCBuildConfiguration section */

/* Begin XCConfigurationList section */
		8A46ED711F2D3A4D00C1A74E /* Build configuration list for PBXProject "Budget Up" */ = {
			isa = XCConfigurationList;
			buildConfigurations = (
				8A46ED861F2D3A4D00C1A74E /* Debug */,
				8A46ED871F2D3A4D00C1A74E /* Release */,
			);
			defaultConfigurationIsVisible = 0;
			defaultConfigurationName = Release;
		};
		8A46ED881F2D3A4D00C1A74E /* Build configuration list for PBXNativeTarget "Budget Up" */ = {
			isa = XCConfigurationList;
			buildConfigurations = (
				8A46ED891F2D3A4D00C1A74E /* Debug */,
				8A46ED8A1F2D3A4D00C1A74E /* Release */,
			);
			defaultConfigurationIsVisible = 0;
			defaultConfigurationName = Release;
		};
/* End XCConfigurationList section */
	};
	rootObject = 8A46ED6E1F2D3A4D00C1A74E /* Project object */;
}
